
Microsoft Visual Studio Solution File, Format Version 12.00
# Visual Studio 14
VisualStudioVersion = 14.0.25420.1
MinimumVisualStudioVersion = 10.0.40219.1
Project("{FAE04EC0-301F-11D3-BF4B-00C04F79EFBC}") = "BAS.Concept.File.Upload.Win32Manager", "BAS.Concept.File.Upload.Win32Manager\BAS.Concept.File.Upload.Win32Manager.csproj", "{BF254B40-A484-454B-B9CB-823444B14738}"
EndProject
Project("{FAE04EC0-301F-11D3-BF4B-00C04F79EFBC}") = "BAS.Concept.File.Upload.Client", "BAS.Concept.File.Upload.Client\BAS.Concept.File.Upload.Client.csproj", "{199600E2-58FB-47CC-BE33-A8246055BC90}"
EndProject
Global
	GlobalSection(SolutionConfigurationPlatforms) = preSolution
		Debug|Any CPU = Debug|Any CPU
		Release|Any CPU = Release|Any CPU
	EndGlobalSection
	GlobalSection(ProjectConfigurationPlatforms) = postSolution
		{BF254B40-A484-454B-B9CB-823444B14738}.Debug|Any CPU.ActiveCfg = Debug|Any CPU
		{BF254B40-A484-454B-B9CB-823444B14738}.Debug|Any CPU.Build.0 = Debug|Any CPU
		{BF254B40-A484-454B-B9CB-823444B14738}.Release|Any CPU.ActiveCfg = Release|Any CPU
		{BF254B40-A484-454B-B9CB-823444B14738}.Release|Any CPU.Build.0 = Release|Any CPU
		{199600E2-58FB-47CC-BE33-A8246055BC90}.Debug|Any CPU.ActiveCfg = Debug|Any CPU
		{199600E2-58FB-47CC-BE33-A8246055BC90}.Debug|Any CPU.Build.0 = Debug|Any CPU
		{199600E2-58FB-47CC-BE33-A8246055BC90}.Release|Any CPU.ActiveCfg = Release|Any CPU
		{199600E2-58FB-47CC-BE33-A8246055BC90}.Release|Any CPU.Build.0 = Release|Any CPU
	EndGlobalSection
	GlobalSection(SolutionProperties) = preSolution
		HideSolutionNode = FALSE
	EndGlobalSection
EndGlobal
